// !$*UTF8*$!
{
	archiveVersion = 1;
	classes = {
	};
	objectVersion = 50;
	objects = {

/* Begin PBXBuildFile section */
		72A59B9322202E7100A3D40C /* AppDelegate.swift in Sources */ = {isa = PBXBuildFile; fileRef = 72A59B9222202E7100A3D40C /* AppDelegate.swift */; };
		72A59B9522202E7100A3D40C /* ViewController.swift in Sources */ = {isa = PBXBuildFile; fileRef = 72A59B9422202E7100A3D40C /* ViewController.swift */; };
		72A59B9822202E7100A3D40C /* Main.storyboard in Resources */ = {isa = PBXBuildFile; fileRef = 72A59B9622202E7100A3D40C /* Main.storyboard */; };
		72A59B9A22202E7300A3D40C /* Assets.xcassets in Resources */ = {isa = PBXBuildFile; fileRef = 72A59B9922202E7300A3D40C /* Assets.xcassets */; };
		72A59B9D22202E7300A3D40C /* LaunchScreen.storyboard in Resources */ = {isa = PBXBuildFile; fileRef = 72A59B9B22202E7300A3D40C /* LaunchScreen.storyboard */; };
		72A59BA822202E7300A3D40C /* RxOperatorTests.swift in Sources */ = {isa = PBXBuildFile; fileRef = 72A59BA722202E7300A3D40C /* RxOperatorTests.swift */; };
		72A59BB322202E7300A3D40C /* RxOperatorUITests.swift in Sources */ = {isa = PBXBuildFile; fileRef = 72A59BB222202E7300A3D40C /* RxOperatorUITests.swift */; };
/* End PBXBuildFile section */

/* Begin PBXContainerItemProxy section */
		72A59BA422202E7300A3D40C /* PBXContainerItemProxy */ = {
			isa = PBXContainerItemProxy;
			containerPortal = 72A59B8722202E7100A3D40C /* Project object */;
			proxyType = 1;
			remoteGlobalIDString = 72A59B8E22202E7100A3D40C;
			remoteInfo = RxOperator;
		};
		72A59BAF22202E7300A3D40C /* PBXContainerItemProxy */ = {
			isa = PBXContainerItemProxy;
			containerPortal = 72A59B8722202E7100A3D40C /* Project object */;
			proxyType = 1;
			remoteGlobalIDString = 72A59B8E22202E7100A3D40C;
			remoteInfo = RxOperator;
		};
/* End PBXContainerItemProxy section */

/* Begin PBXFileReference section */
		72A59B8F22202E7100A3D40C /* RxOperator.app */ = {isa = PBXFileReference; explicitFileType = wrapper.application; includeInIndex = 0; path = RxOperator.app; sourceTree = BUILT_PRODUCTS_DIR; };
		72A59B9222202E7100A3D40C /* AppDelegate.swift */ = {isa = PBXFileReference; lastKnownFileType = sourcecode.swift; path = AppDelegate.swift; sourceTree = "<group>"; };
		72A59B9422202E7100A3D40C /* ViewController.swift */ = {isa = PBXFileReference; lastKnownFileType = sourcecode.swift; path = ViewController.swift; sourceTree = "<group>"; };
		72A59B9722202E7100A3D40C /* Base */ = {isa = PBXFileReference; lastKnownFileType = file.storyboard; name = Base; path = Base.lproj/Main.storyboard; sourceTree = "<group>"; };
		72A59B9922202E7300A3D40C /* Assets.xcassets */ = {isa = PBXFileReference; lastKnownFileType = folder.assetcatalog; path = Assets.xcassets; sourceTree = "<group>"; };
		72A59B9C22202E7300A3D40C /* Base */ = {isa = PBXFileReference; lastKnownFileType = file.storyboard; name = Base; path = Base.lproj/LaunchScreen.storyboard; sourceTree = "<group>"; };
		72A59B9E22202E7300A3D40C /* Info.plist */ = {isa = PBXFileReference; lastKnownFileType = text.plist.xml; path = Info.plist; sourceTree = "<group>"; };
		72A59BA322202E7300A3D40C /* RxOperatorTests.xctest */ = {isa = PBXFileReference; explicitFileType = wrapper.cfbundle; includeInIndex = 0; path = RxOperatorTests.xctest; sourceTree = BUILT_PRODUCTS_DIR; };
		72A59BA722202E7300A3D40C /* RxOperatorTests.swift */ = {isa = PBXFileReference; lastKnownFileType = sourcecode.swift; path = RxOperatorTests.swift; sourceTree = "<group>"; };
		72A59BA922202E7300A3D40C /* Info.plist */ = {isa = PBXFileReference; lastKnownFileType = text.plist.xml; path = Info.plist; sourceTree = "<group>"; };
		72A59BAE22202E7300A3D40C /* RxOperatorUITests.xctest */ = {isa = PBXFileReference; explicitFileType = wrapper.cfbundle; includeInIndex = 0; path = RxOperatorUITests.xctest; sourceTree = BUILT_PRODUCTS_DIR; };
		72A59BB222202E7300A3D40C /* RxOperatorUITests.swift */ = {isa = PBXFileReference; lastKnownFileType = sourcecode.swift; path = RxOperatorUITests.swift; sourceTree = "<group>"; };
		72A59BB422202E7300A3D40C /* Info.plist */ = {isa = PBXFileReference; lastKnownFileType = text.plist.xml; path = Info.plist; sourceTree = "<group>"; };
/* End PBXFileReference section */

/* Begin PBXFrameworksBuildPhase section */
		72A59B8C22202E7100A3D40C /* Frameworks */ = {
			isa = PBXFrameworksBuildPhase;
			buildActionMask = 2147483647;
			files = (
			);
			runOnlyForDeploymentPostprocessing = 0;
		};
		72A59BA022202E7300A3D40C /* Frameworks */ = {
			isa = PBXFrameworksBuildPhase;
			buildActionMask = 2147483647;
			files = (
			);
			runOnlyForDeploymentPostprocessing = 0;
		};
		72A59BAB22202E7300A3D40C /* Frameworks */ = {
			isa = PBXFrameworksBuildPhase;
			buildActionMask = 2147483647;
			files = (
			);
			runOnlyForDeploymentPostprocessing = 0;
		};
/* End PBXFrameworksBuildPhase section */

/* Begin PBXGroup section */
		72A59B8622202E7100A3D40C = {
			isa = PBXGroup;
			children = (
				72A59B9122202E7100A3D40C /* RxOperator */,
				72A59BA622202E7300A3D40C /* RxOperatorTests */,
				72A59BB122202E7300A3D40C /* RxOperatorUITests */,
				72A59B9022202E7100A3D40C /* Products */,
			);
			sourceTree = "<group>";
		};
		72A59B9022202E7100A3D40C /* Products */ = {
			isa = PBXGroup;
			children = (
				72A59B8F22202E7100A3D40C /* RxOperator.app */,
				72A59BA322202E7300A3D40C /* RxOperatorTests.xctest */,
				72A59BAE22202E7300A3D40C /* RxOperatorUITests.xctest */,
			);
			name = Products;
			sourceTree = "<group>";
		};
		72A59B9122202E7100A3D40C /* RxOperator */ = {
			isa = PBXGroup;
			children = (
				72A59B9222202E7100A3D40C /* AppDelegate.swift */,
				72A59B9422202E7100A3D40C /* ViewController.swift */,
				72A59B9622202E7100A3D40C /* Main.storyboard */,
				72A59B9922202E7300A3D40C /* Assets.xcassets */,
				72A59B9B22202E7300A3D40C /* LaunchScreen.storyboard */,
				72A59B9E22202E7300A3D40C /* Info.plist */,
			);
			path = RxOperator;
			sourceTree = "<group>";
		};
		72A59BA622202E7300A3D40C /* RxOperatorTests */ = {
			isa = PBXGroup;
			children = (
				72A59BA722202E7300A3D40C /* RxOperatorTests.swift */,
				72A59BA922202E7300A3D40C /* Info.plist */,
			);
			path = RxOperatorTests;
			sourceTree = "<group>";
		};
		72A59BB122202E7300A3D40C /* RxOperatorUITests */ = {
			isa = PBXGroup;
			children = (
				72A59BB222202E7300A3D40C /* RxOperatorUITests.swift */,
				72A59BB422202E7300A3D40C /* Info.plist */,
			);
			path = RxOperatorUITests;
			sourceTree = "<group>";
		};
/* End PBXGroup section */

/* Begin PBXNativeTarget section */
		72A59B8E22202E7100A3D40C /* RxOperator */ = {
			isa = PBXNativeTarget;
			buildConfigurationList = 72A59BB722202E7300A3D40C /* Build configuration list for PBXNativeTarget "RxOperator" */;
			buildPhases = (
				72A59B8B22202E7100A3D40C /* Sources */,
				72A59B8C22202E7100A3D40C /* Frameworks */,
				72A59B8D22202E7100A3D40C /* Resources */,
			);
			buildRules = (
			);
			dependencies = (
			);
			name = RxOperator;
			productName = RxOperator;
			productReference = 72A59B8F22202E7100A3D40C /* RxOperator.app */;
			productType = "com.apple.product-type.application";
		};
		72A59BA222202E7300A3D40C /* RxOperatorTests */ = {
			isa = PBXNativeTarget;
			buildConfigurationList = 72A59BBA22202E7300A3D40C /* Build configuration list for PBXNativeTarget "RxOperatorTests" */;
			buildPhases = (
				72A59B9F22202E7300A3D40C /* Sources */,
				72A59BA022202E7300A3D40C /* Frameworks */,
				72A59BA122202E7300A3D40C /* Resources */,
			);
			buildRules = (
			);
			dependencies = (
				72A59BA522202E7300A3D40C /* PBXTargetDependency */,
			);
			name = RxOperatorTests;
			productName = RxOperatorTests;
			productReference = 72A59BA322202E7300A3D40C /* RxOperatorTests.xctest */;
			productType = "com.apple.product-type.bundle.unit-test";
		};
		72A59BAD22202E7300A3D40C /* RxOperatorUITests */ = {
			isa = PBXNativeTarget;
			buildConfigurationList = 72A59BBD22202E7300A3D40C /* Build configuration list for PBXNativeTarget "RxOperatorUITests" */;
			buildPhases = (
				72A59BAA22202E7300A3D40C /* Sources */,
				72A59BAB22202E7300A3D40C /* Frameworks */,
				72A59BAC22202E7300A3D40C /* Resources */,
			);
			buildRules = (
			);
			dependencies = (
				72A59BB022202E7300A3D40C /* PBXTargetDependency */,
			);
			name = RxOperatorUITests;
			productName = RxOperatorUITests;
			productReference = 72A59BAE22202E7300A3D40C /* RxOperatorUITests.xctest */;
			productType = "com.apple.product-type.bundle.ui-testing";
		};
/* End PBXNativeTarget section */

/* Begin PBXProject section */
		72A59B8722202E7100A3D40C /* Project object */ = {
			isa = PBXProject;
			attributes = {
				LastSwiftUpdateCheck = 1010;
				LastUpgradeCheck = 1010;
				ORGANIZATIONNAME = hy_sean;
				TargetAttributes = {
					72A59B8E22202E7100A3D40C = {
						CreatedOnToolsVersion = 10.1;
					};
					72A59BA222202E7300A3D40C = {
						CreatedOnToolsVersion = 10.1;
						TestTargetID = 72A59B8E22202E7100A3D40C;
					};
					72A59BAD22202E7300A3D40C = {
						CreatedOnToolsVersion = 10.1;
						TestTargetID = 72A59B8E22202E7100A3D40C;
					};
				};
			};
			buildConfigurationList = 72A59B8A22202E7100A3D40C /* Build configuration list for PBXProject "RxOperator" */;
			compatibilityVersion = "Xcode 9.3";
			developmentRegion = en;
			hasScannedForEncodings = 0;
			knownRegions = (
				en,
				Base,
			);
			mainGroup = 72A59B8622202E7100A3D40C;
			productRefGroup = 72A59B9022202E7100A3D40C /* Products */;
			projectDirPath = "";
			projectRoot = "";
			targets = (
				72A59B8E22202E7100A3D40C /* RxOperator */,
				72A59BA222202E7300A3D40C /* RxOperatorTests */,
				72A59BAD22202E7300A3D40C /* RxOperatorUITests */,
			);
		};
/* End PBXProject section */

/* Begin PBXResourcesBuildPhase section */
		72A59B8D22202E7100A3D40C /* Resources */ = {
			isa = PBXResourcesBuildPhase;
			buildActionMask = 2147483647;
			files = (
				72A59B9D22202E7300A3D40C /* LaunchScreen.storyboard in Resources */,
				72A59B9A22202E7300A3D40C /* Assets.xcassets in Resources */,
				72A59B9822202E7100A3D40C /* Main.storyboard in Resources */,
			);
			runOnlyForDeploymentPostprocessing = 0;
		};
		72A59BA122202E7300A3D40C /* Resources */ = {
			isa = PBXResourcesBuildPhase;
			buildActionMask = 2147483647;
			files = (
			);
			runOnlyForDeploymentPostprocessing = 0;
		};
		72A59BAC22202E7300A3D40C /* Resources */ = {
			isa = PBXResourcesBuildPhase;
			buildActionMask = 2147483647;
			files = (
			);
			runOnlyForDeploymentPostprocessing = 0;
		};
/* End PBXResourcesBuildPhase section */

/* Begin PBXSourcesBuildPhase section */
		72A59B8B22202E7100A3D40C /* Sources */ = {
			isa = PBXSourcesBuildPhase;
			buildActionMask = 2147483647;
			files = (
				72A59B9522202E7100A3D40C /* ViewController.swift in Sources */,
				72A59B9322202E7100A3D40C /* AppDelegate.swift in Sources */,
			);
			runOnlyForDeploymentPostprocessing = 0;
		};
		72A59B9F22202E7300A3D40C /* Sources */ = {
			isa = PBXSourcesBuildPhase;
			buildActionMask = 2147483647;
			files = (
				72A59BA822202E7300A3D40C /* RxOperatorTests.swift in Sources */,
			);
			runOnlyForDeploymentPostprocessing = 0;
		};
		72A59BAA22202E7300A3D40C /* Sources */ = {
			isa = PBXSourcesBuildPhase;
			buildActionMask = 2147483647;
			files = (
				72A59BB322202E7300A3D40C /* RxOperatorUITests.swift in Sources */,
			);
			runOnlyForDeploymentPostprocessing = 0;
		};
/* End PBXSourcesBuildPhase section */

/* Begin PBXTargetDependency section */
		72A59BA522202E7300A3D40C /* PBXTargetDependency */ = {
			isa = PBXTargetDependency;
			target = 72A59B8E22202E7100A3D40C /* RxOperator */;
			targetProxy = 72A59BA422202E7300A3D40C /* PBXContainerItemProxy */;
		};
		72A59BB022202E7300A3D40C /* PBXTargetDependency */ = {
			isa = PBXTargetDependency;
			target = 72A59B8E22202E7100A3D40C /* RxOperator */;
			targetProxy = 72A59BAF22202E7300A3D40C /* PBXContainerItemProxy */;
		};
/* End PBXTargetDependency section */

/* Begin PBXVariantGroup section */
		72A59B9622202E7100A3D40C /* Main.storyboard */ = {
			isa = PBXVariantGroup;
			children = (
				72A59B9722202E7100A3D40C /* Base */,
			);
			name = Main.storyboard;
			sourceTree = "<group>";
		};
		72A59B9B22202E7300A3D40C /* LaunchScreen.storyboard */ = {
			isa = PBXVariantGroup;
			children = (
				72A59B9C22202E7300A3D40C /* Base */,
			);
			name = LaunchScreen.storyboard;
			sourceTree = "<group>";
		};
/* End PBXVariantGroup section */

/* Begin XCBuildConfiguration section */
		72A59BB522202E7300A3D40C /* Debug */ = {
			isa = XCBuildConfiguration;
			buildSettings = {
				ALWAYS_SEARCH_USER_PATHS = NO;
				CLANG_ANALYZER_NONNULL = YES;
				CLANG_ANALYZER_NUMBER_OBJECT_CONVERSION = YES_AGGRESSIVE;
				CLANG_CXX_LANGUAGE_STANDARD = "gnu++14";
				CLANG_CXX_LIBRARY = "libc++";
				CLANG_ENABLE_MODULES = YES;
				CLANG_ENABLE_OBJC_ARC = YES;
				CLANG_ENABLE_OBJC_WEAK = YES;
				CLANG_WARN_BLOCK_CAPTURE_AUTORELEASING = YES;
				CLANG_WARN_BOOL_CONVERSION = YES;
				CLANG_WARN_COMMA = YES;
				CLANG_WARN_CONSTANT_CONVERSION = YES;
				CLANG_WARN_DEPRECATED_OBJC_IMPLEMENTATIONS = YES;
				CLANG_WARN_DIRECT_OBJC_ISA_USAGE = YES_ERROR;
				CLANG_WARN_DOCUMENTATION_COMMENTS = YES;
				CLANG_WARN_EMPTY_BODY = YES;
				CLANG_WARN_ENUM_CONVERSION = YES;
				CLANG_WARN_INFINITE_RECURSION = YES;
				CLANG_WARN_INT_CONVERSION = YES;
				CLANG_WARN_NON_LITERAL_NULL_CONVERSION = YES;
				CLANG_WARN_OBJC_IMPLICIT_RETAIN_SELF = YES;
				CLANG_WARN_OBJC_LITERAL_CONVERSION = YES;
				CLANG_WARN_OBJC_ROOT_CLASS = YES_ERROR;
				CLANG_WARN_RANGE_LOOP_ANALYSIS = YES;
				CLANG_WARN_STRICT_PROTOTYPES = YES;
				CLANG_WARN_SUSPICIOUS_MOVE = YES;
				CLANG_WARN_UNGUARDED_AVAILABILITY = YES_AGGRESSIVE;
				CLANG_WARN_UNREACHABLE_CODE = YES;
				CLANG_WARN__DUPLICATE_METHOD_MATCH = YES;
				CODE_SIGN_IDENTITY = "iPhone Developer";
				COPY_PHASE_STRIP = NO;
				DEBUG_INFORMATION_FORMAT = dwarf;
				ENABLE_STRICT_OBJC_MSGSEND = YES;
				ENABLE_TESTABILITY = YES;
				GCC_C_LANGUAGE_STANDARD = gnu11;
				GCC_DYNAMIC_NO_PIC = NO;
				GCC_NO_COMMON_BLOCKS = YES;
				GCC_OPTIMIZATION_LEVEL = 0;
				GCC_PREPROCESSOR_DEFINITIONS = (
					"DEBUG=1",
					"$(inherited)",
				);
				GCC_WARN_64_TO_32_BIT_CONVERSION = YES;
				GCC_WARN_ABOUT_RETURN_TYPE = YES_ERROR;
				GCC_WARN_UNDECLARED_SELECTOR = YES;
				GCC_WARN_UNINITIALIZED_AUTOS = YES_AGGRESSIVE;
				GCC_WARN_UNUSED_FUNCTION = YES;
				GCC_WARN_UNUSED_VARIABLE = YES;
				IPHONEOS_DEPLOYMENT_TARGET = 12.1;
				MTL_ENABLE_DEBUG_INFO = INCLUDE_SOURCE;
				MTL_FAST_MATH = YES;
				ONLY_ACTIVE_ARCH = YES;
				SDKROOT = iphoneos;
				SWIFT_ACTIVE_COMPILATION_CONDITIONS = DEBUG;
				SWIFT_OPTIMIZATION_LEVEL = "-Onone";
			};
			name = Debug;
		};
		72A59BB622202E7300A3D40C /* Release */ = {
			isa = XCBuildConfiguration;
			buildSettings = {
				ALWAYS_SEARCH_USER_PATHS = NO;
				CLANG_ANALYZER_NONNULL = YES;
				CLANG_ANALYZER_NUMBER_OBJECT_CONVERSION = YES_AGGRESSIVE;
				CLANG_CXX_LANGUAGE_STANDARD = "gnu++14";
				CLANG_CXX_LIBRARY = "libc++";
				CLANG_ENABLE_MODULES = YES;
				CLANG_ENABLE_OBJC_ARC = YES;
				CLANG_ENABLE_OBJC_WEAK = YES;
				CLANG_WARN_BLOCK_CAPTURE_AUTORELEASING = YES;
				CLANG_WARN_BOOL_CONVERSION = YES;
				CLANG_WARN_COMMA = YES;
				CLANG_WARN_CONSTANT_CONVERSION = YES;
				CLANG_WARN_DEPRECATED_OBJC_IMPLEMENTATIONS = YES;
				CLANG_WARN_DIRECT_OBJC_ISA_USAGE = YES_ERROR;
				CLANG_WARN_DOCUMENTATION_COMMENTS = YES;
				CLANG_WARN_EMPTY_BODY = YES;
				CLANG_WARN_ENUM_CONVERSION = YES;
				CLANG_WARN_INFINITE_RECURSION = YES;
				CLANG_WARN_INT_CONVERSION = YES;
				CLANG_WARN_NON_LITERAL_NULL_CONVERSION = YES;
				CLANG_WARN_OBJC_IMPLICIT_RETAIN_SELF = YES;
				CLANG_WARN_OBJC_LITERAL_CONVERSION = YES;
				CLANG_WARN_OBJC_ROOT_CLASS = YES_ERROR;
				CLANG_WARN_RANGE_LOOP_ANALYSIS = YES;
				CLANG_WARN_STRICT_PROTOTYPES = YES;
				CLANG_WARN_SUSPICIOUS_MOVE = YES;
				CLANG_WARN_UNGUARDED_AVAILABILITY = YES_AGGRESSIVE;
				CLANG_WARN_UNREACHABLE_CODE = YES;
				CLANG_WARN__DUPLICATE_METHOD_MATCH = YES;
				CODE_SIGN_IDENTITY = "iPhone Developer";
				COPY_PHASE_STRIP = NO;
				DEBUG_INFORMATION_FORMAT = "dwarf-with-dsym";
				ENABLE_NS_ASSERTIONS = NO;
				ENABLE_STRICT_OBJC_MSGSEND = YES;
				GCC_C_LANGUAGE_STANDARD = gnu11;
				GCC_NO_COMMON_BLOCKS = YES;
				GCC_WARN_64_TO_32_BIT_CONVERSION = YES;
				GCC_WARN_ABOUT_RETURN_TYPE = YES_ERROR;
				GCC_WARN_UNDECLARED_SELECTOR = YES;
				GCC_WARN_UNINITIALIZED_AUTOS = YES_AGGRESSIVE;
				GCC_WARN_UNUSED_FUNCTION = YES;
				GCC_WARN_UNUSED_VARIABLE = YES;
				IPHONEOS_DEPLOYMENT_TARGET = 12.1;
				MTL_ENABLE_DEBUG_INFO = NO;
				MTL_FAST_MATH = YES;
				SDKROOT = iphoneos;
				SWIFT_COMPILATION_MODE = wholemodule;
				SWIFT_OPTIMIZATION_LEVEL = "-O";
				VALIDATE_PRODUCT = YES;
			};
			name = Release;
		};
		72A59BB822202E7300A3D40C /* Debug */ = {
			isa = XCBuildConfiguration;
			buildSettings = {
				ASSETCATALOG_COMPILER_APPICON_NAME = AppIcon;
				CODE_SIGN_STYLE = Automatic;
				DEVELOPMENT_TEAM = 7DU6PDNRU2;
				INFOPLIST_FILE = RxOperator/Info.plist;
				LD_RUNPATH_SEARCH_PATHS = (
					"$(inherited)",
					"@executable_path/Frameworks",
				);
				PRODUCT_BUNDLE_IDENTIFIER = com.netcomet.RxOperator;
				PRODUCT_NAME = "$(TARGET_NAME)";
				SWIFT_VERSION = 4.2;
				TARGETED_DEVICE_FAMILY = "1,2";
			};
			name = Debug;
		};
		72A59BB922202E7300A3D40C /* Release */ = {
			isa = XCBuildConfiguration;
			buildSettings = {
				ASSETCATALOG_COMPILER_APPICON_NAME = AppIcon;
				CODE_SIGN_STYLE = Automatic;
				DEVELOPMENT_TEAM = 7DU6PDNRU2;
				INFOPLIST_FILE = RxOperator/Info.plist;
				LD_RUNPATH_SEARCH_PATHS = (
					"$(inherited)",
					"@executable_path/Frameworks",
				);
				PRODUCT_BUNDLE_IDENTIFIER = com.netcomet.RxOperator;
				PRODUCT_NAME = "$(TARGET_NAME)";
				SWIFT_VERSION = 4.2;
				TARGETED_DEVICE_FAMILY = "1,2";
			};
			name = Release;
		};
		72A59BBB22202E7300A3D40C /* Debug */ = {
			isa = XCBuildConfiguration;
			buildSettings = {
				ALWAYS_EMBED_SWIFT_STANDARD_LIBRARIES = YES;
				BUNDLE_LOADER = "$(TEST_HOST)";
				CODE_SIGN_STYLE = Automatic;
				DEVELOPMENT_TEAM = 7DU6PDNRU2;
				INFOPLIST_FILE = RxOperatorTests/Info.plist;
				LD_RUNPATH_SEARCH_PATHS = (
					"$(inherited)",
					"@executable_path/Frameworks",
					"@loader_path/Frameworks",
				);
				PRODUCT_BUNDLE_IDENTIFIER = com.netcomet.RxOperatorTests;
				PRODUCT_NAME = "$(TARGET_NAME)";
				SWIFT_VERSION = 4.2;
				TARGETED_DEVICE_FAMILY = "1,2";
				TEST_HOST = "$(BUILT_PRODUCTS_DIR)/RxOperator.app/RxOperator";
			};
			name = Debug;
		};
		72A59BBC22202E7300A3D40C /* Release */ = {
			isa = XCBuildConfiguration;
			buildSettings = {
				ALWAYS_EMBED_SWIFT_STANDARD_LIBRARIES = YES;
				BUNDLE_LOADER = "$(TEST_HOST)";
				CODE_SIGN_STYLE = Automatic;
				DEVELOPMENT_TEAM = 7DU6PDNRU2;
				INFOPLIST_FILE = RxOperatorTests/Info.plist;
				LD_RUNPATH_SEARCH_PATHS = (
					"$(inherited)",
					"@executable_path/Frameworks",
					"@loader_path/Frameworks",
				);
				PRODUCT_BUNDLE_IDENTIFIER = com.netcomet.RxOperatorTests;
				PRODUCT_NAME = "$(TARGET_NAME)";
				SWIFT_VERSION = 4.2;
				TARGETED_DEVICE_FAMILY = "1,2";
				TEST_HOST = "$(BUILT_PRODUCTS_DIR)/RxOperator.app/RxOperator";
			};
			name = Release;
		};
		72A59BBE22202E7300A3D40C /* Debug */ = {
			isa = XCBuildConfiguration;
			buildSettings = {
				ALWAYS_EMBED_SWIFT_STANDARD_LIBRARIES = YES;
				CODE_SIGN_STYLE = Automatic;
				DEVELOPMENT_TEAM = 7DU6PDNRU2;
				INFOPLIST_FILE = RxOperatorUITests/Info.plist;
				LD_RUNPATH_SEARCH_PATHS = (
					"$(inherited)",
					"@executable_path/Frameworks",
					"@loader_path/Frameworks",
				);
				PRODUCT_BUNDLE_IDENTIFIER = com.netcomet.RxOperatorUITests;
				PRODUCT_NAME = "$(TARGET_NAME)";
				SWIFT_VERSION = 4.2;
				TARGETED_DEVICE_FAMILY = "1,2";
				TEST_TARGET_NAME = RxOperator;
			};
			name = Debug;
		};
		72A59BBF22202E7300A3D40C /* Release */ = {
			isa = XCBuildConfiguration;
			buildSettings = {
				ALWAYS_EMBED_SWIFT_STANDARD_LIBRARIES = YES;
				CODE_SIGN_STYLE = Automatic;
				DEVELOPMENT_TEAM = 7DU6PDNRU2;
				INFOPLIST_FILE = RxOperatorUITests/Info.plist;
				LD_RUNPATH_SEARCH_PATHS = (
					"$(inherited)",
					"@executable_path/Frameworks",
					"@loader_path/Frameworks",
				);
				PRODUCT_BUNDLE_IDENTIFIER = com.netcomet.RxOperatorUITests;
				PRODUCT_NAME = "$(TARGET_NAME)";
				SWIFT_VERSION = 4.2;
				TARGETED_DEVICE_FAMILY = "1,2";
				TEST_TARGET_NAME = RxOperator;
			};
			name = Release;
		};
/* End XCBuildConfiguration section */

/* Begin XCConfigurationList section */
		72A59B8A22202E7100A3D40C /* Build configuration list for PBXProject "RxOperator" */ = {
			isa = XCConfigurationList;
			buildConfigurations = (
				72A59BB522202E7300A3D40C /* Debug */,
				72A59BB622202E7300A3D40C /* Release */,
			);
			defaultConfigurationIsVisible = 0;
			defaultConfigurationName = Release;
		};
		72A59BB722202E7300A3D40C /* Build configuration list for PBXNativeTarget "RxOperator" */ = {
			isa = XCConfigurationList;
			buildConfigurations = (
				72A59BB822202E7300A3D40C /* Debug */,
				72A59BB922202E7300A3D40C /* Release */,
			);
			defaultConfigurationIsVisible = 0;
			defaultConfigurationName = Release;
		};
		72A59BBA22202E7300A3D40C /* Build configuration list for PBXNativeTarget "RxOperatorTests" */ = {
			isa = XCConfigurationList;
			buildConfigurations = (
				72A59BBB22202E7300A3D40C /* Debug */,
				72A59BBC22202E7300A3D40C /* Release */,
			);
			defaultConfigurationIsVisible = 0;
			defaultConfigurationName = Release;
		};
		72A59BBD22202E7300A3D40C /* Build configuration list for PBXNativeTarget "RxOperatorUITests" */ = {
			isa = XCConfigurationList;
			buildConfigurations = (
				72A59BBE22202E7300A3D40C /* Debug */,
				72A59BBF22202E7300A3D40C /* Release */,
			);
			defaultConfigurationIsVisible = 0;
			defaultConfigurationName = Release;
		};
/* End XCConfigurationList section */
	};
	rootObject = 72A59B8722202E7100A3D40C /* Project object */;
}
